
Microsoft Visual Studio Solution File, Format Version 12.00
# Visual Studio Version 17
VisualStudioVersion = 17.10.35013.160
MinimumVisualStudioVersion = 10.0.40219.1
Project("{FAE04EC0-301F-11D3-BF4B-00C04F79EFBC}") = "Libray", "Curator_of_books\Libray.csproj", "{A17F9F62-6E46-4752-85CB-B93E3724F197}"
EndProject
Global
	GlobalSection(SolutionConfigurationPlatforms) = preSolution
		Debug|Any CPU = Debug|Any CPU
		Release|Any CPU = Release|Any CPU
	EndGlobalSection
	GlobalSection(ProjectConfigurationPlatforms) = postSolution
		{A17F9F62-6E46-4752-85CB-B93E3724F197}.Debug|Any CPU.ActiveCfg = Debug|Any CPU
		{A17F9F62-6E46-4752-85CB-B93E3724F197}.Debug|Any CPU.Build.0 = Debug|Any CPU
		{A17F9F62-6E46-4752-85CB-B93E3724F197}.Release|Any CPU.ActiveCfg = Release|Any CPU
		{A17F9F62-6E46-4752-85CB-B93E3724F197}.Release|Any CPU.Build.0 = Release|Any CPU
	EndGlobalSection
	GlobalSection(SolutionProperties) = preSolution
		HideSolutionNode = FALSE
	EndGlobalSection
	GlobalSection(ExtensibilityGlobals) = postSolution
		SolutionGuid = {291256F1-A59C-499A-A533-95D9F8EE2C7B}
	EndGlobalSection
EndGlobal
